
Microsoft Visual Studio Solution File, Format Version 12.00
# Visual Studio 15
VisualStudioVersion = 15.0.26014.0
MinimumVisualStudioVersion = 10.0.40219.1
Project("{2150E333-8FDC-42A3-9474-1A3956D46DE8}") = "src", "src", "{EC56C838-57C0-422F-AAC8-D8FFD104D271}"
EndProject
Project("{2150E333-8FDC-42A3-9474-1A3956D46DE8}") = "test", "test", "{013F6939-2654-4B83-AD90-5885604F87F4}"
EndProject
Project("{9A19103F-16F7-4668-BE54-9A1E7A4F7556}") = "BetterStarterTemplate.Web", "src\BetterStarterTemplate.Web\BetterStarterTemplate.Web.csproj", "{BBD06DEA-F532-4ED0-95A9-FAC5ABD0300C}"
EndProject
Project("{9A19103F-16F7-4668-BE54-9A1E7A4F7556}") = "BetterStarterTemplate.Services", "src\BetterStarterTemplate.Services\BetterStarterTemplate.Services.csproj", "{D110CB32-58BA-4891-9FD1-537EE58FEB2E}"
EndProject
Project("{9A19103F-16F7-4668-BE54-9A1E7A4F7556}") = "BetterStarterTemplate.Web.Tests", "test\BetterStarterTemplate.Web.Tests\BetterStarterTemplate.Web.Tests.csproj", "{91F7563A-300E-4E96-8F36-5AD49DCB82E0}"
EndProject
Project("{2150E333-8FDC-42A3-9474-1A3956D46DE8}") = "client", "client", "{BC6D8020-5DC1-4107-AF41-D948A0387775}"
EndProject
Project("{2150E333-8FDC-42A3-9474-1A3956D46DE8}") = "data", "data", "{E3D01CD8-D999-4AFD-B308-63481C018466}"
EndProject
Project("{2150E333-8FDC-42A3-9474-1A3956D46DE8}") = "service", "service", "{F74793D6-40C4-4B7F-859F-7A85C63DFFD4}"
EndProject
Project("{2150E333-8FDC-42A3-9474-1A3956D46DE8}") = "core", "core", "{37FDADA0-4FFA-49EE-90E8-F6881397C1FB}"
EndProject
Project("{9A19103F-16F7-4668-BE54-9A1E7A4F7556}") = "BetterStarterTemplate.Identity.Models", "src\BetterStarterTemplate.Identity.Models\BetterStarterTemplate.Identity.Models.csproj", "{D81E6E3C-9937-4BB4-9D24-6708374A23FE}"
EndProject
Project("{9A19103F-16F7-4668-BE54-9A1E7A4F7556}") = "BetterStarterTemplate.Identity.Data", "src\BetterStarterTemplate.Identity.Data\BetterStarterTemplate.Identity.Data.csproj", "{D942CD16-FE5A-4621-A9E8-C2C189AB2B37}"
EndProject
Project("{FAE04EC0-301F-11D3-BF4B-00C04F79EFBC}") = "BetterStarterTemplate.Builder", "src\BetterStarterTemplate.Builder\BetterStarterTemplate.Builder.csproj", "{FB1DA511-6841-4E0A-9742-895F3FCC49EF}"
EndProject
Project("{2150E333-8FDC-42A3-9474-1A3956D46DE8}") = "Solution Items", "Solution Items", "{81B79F6A-D3C8-4153-A6DF-ECB4476CD51C}"
	ProjectSection(SolutionItems) = preProject
		_readme.txt = _readme.txt
	EndProjectSection
EndProject
Global
	GlobalSection(SolutionConfigurationPlatforms) = preSolution
		Debug|Any CPU = Debug|Any CPU
		Debug|x64 = Debug|x64
		Debug|x86 = Debug|x86
		Release|Any CPU = Release|Any CPU
		Release|x64 = Release|x64
		Release|x86 = Release|x86
	EndGlobalSection
	GlobalSection(ProjectConfigurationPlatforms) = postSolution
		{BBD06DEA-F532-4ED0-95A9-FAC5ABD0300C}.Debug|Any CPU.ActiveCfg = Debug|Any CPU
		{BBD06DEA-F532-4ED0-95A9-FAC5ABD0300C}.Debug|Any CPU.Build.0 = Debug|Any CPU
		{BBD06DEA-F532-4ED0-95A9-FAC5ABD0300C}.Debug|x64.ActiveCfg = Debug|x64
		{BBD06DEA-F532-4ED0-95A9-FAC5ABD0300C}.Debug|x64.Build.0 = Debug|x64
		{BBD06DEA-F532-4ED0-95A9-FAC5ABD0300C}.Debug|x86.ActiveCfg = Debug|x86
		{BBD06DEA-F532-4ED0-95A9-FAC5ABD0300C}.Debug|x86.Build.0 = Debug|x86
		{BBD06DEA-F532-4ED0-95A9-FAC5ABD0300C}.Release|Any CPU.ActiveCfg = Release|Any CPU
		{BBD06DEA-F532-4ED0-95A9-FAC5ABD0300C}.Release|Any CPU.Build.0 = Release|Any CPU
		{BBD06DEA-F532-4ED0-95A9-FAC5ABD0300C}.Release|x64.ActiveCfg = Release|x64
		{BBD06DEA-F532-4ED0-95A9-FAC5ABD0300C}.Release|x64.Build.0 = Release|x64
		{BBD06DEA-F532-4ED0-95A9-FAC5ABD0300C}.Release|x86.ActiveCfg = Release|x86
		{BBD06DEA-F532-4ED0-95A9-FAC5ABD0300C}.Release|x86.Build.0 = Release|x86
		{D110CB32-58BA-4891-9FD1-537EE58FEB2E}.Debug|Any CPU.ActiveCfg = Debug|Any CPU
		{D110CB32-58BA-4891-9FD1-537EE58FEB2E}.Debug|Any CPU.Build.0 = Debug|Any CPU
		{D110CB32-58BA-4891-9FD1-537EE58FEB2E}.Debug|x64.ActiveCfg = Debug|x64
		{D110CB32-58BA-4891-9FD1-537EE58FEB2E}.Debug|x64.Build.0 = Debug|x64
		{D110CB32-58BA-4891-9FD1-537EE58FEB2E}.Debug|x86.ActiveCfg = Debug|x86
		{D110CB32-58BA-4891-9FD1-537EE58FEB2E}.Debug|x86.Build.0 = Debug|x86
		{D110CB32-58BA-4891-9FD1-537EE58FEB2E}.Release|Any CPU.ActiveCfg = Release|Any CPU
		{D110CB32-58BA-4891-9FD1-537EE58FEB2E}.Release|Any CPU.Build.0 = Release|Any CPU
		{D110CB32-58BA-4891-9FD1-537EE58FEB2E}.Release|x64.ActiveCfg = Release|x64
		{D110CB32-58BA-4891-9FD1-537EE58FEB2E}.Release|x64.Build.0 = Release|x64
		{D110CB32-58BA-4891-9FD1-537EE58FEB2E}.Release|x86.ActiveCfg = Release|x86
		{D110CB32-58BA-4891-9FD1-537EE58FEB2E}.Release|x86.Build.0 = Release|x86
		{91F7563A-300E-4E96-8F36-5AD49DCB82E0}.Debug|Any CPU.ActiveCfg = Debug|Any CPU
		{91F7563A-300E-4E96-8F36-5AD49DCB82E0}.Debug|Any CPU.Build.0 = Debug|Any CPU
		{91F7563A-300E-4E96-8F36-5AD49DCB82E0}.Debug|x64.ActiveCfg = Debug|x64
		{91F7563A-300E-4E96-8F36-5AD49DCB82E0}.Debug|x64.Build.0 = Debug|x64
		{91F7563A-300E-4E96-8F36-5AD49DCB82E0}.Debug|x86.ActiveCfg = Debug|x86
		{91F7563A-300E-4E96-8F36-5AD49DCB82E0}.Debug|x86.Build.0 = Debug|x86
		{91F7563A-300E-4E96-8F36-5AD49DCB82E0}.Release|Any CPU.ActiveCfg = Release|Any CPU
		{91F7563A-300E-4E96-8F36-5AD49DCB82E0}.Release|Any CPU.Build.0 = Release|Any CPU
		{91F7563A-300E-4E96-8F36-5AD49DCB82E0}.Release|x64.ActiveCfg = Release|x64
		{91F7563A-300E-4E96-8F36-5AD49DCB82E0}.Release|x64.Build.0 = Release|x64
		{91F7563A-300E-4E96-8F36-5AD49DCB82E0}.Release|x86.ActiveCfg = Release|x86
		{91F7563A-300E-4E96-8F36-5AD49DCB82E0}.Release|x86.Build.0 = Release|x86
		{D81E6E3C-9937-4BB4-9D24-6708374A23FE}.Debug|Any CPU.ActiveCfg = Debug|Any CPU
		{D81E6E3C-9937-4BB4-9D24-6708374A23FE}.Debug|Any CPU.Build.0 = Debug|Any CPU
		{D81E6E3C-9937-4BB4-9D24-6708374A23FE}.Debug|x64.ActiveCfg = Debug|x64
		{D81E6E3C-9937-4BB4-9D24-6708374A23FE}.Debug|x64.Build.0 = Debug|x64
		{D81E6E3C-9937-4BB4-9D24-6708374A23FE}.Debug|x86.ActiveCfg = Debug|x86
		{D81E6E3C-9937-4BB4-9D24-6708374A23FE}.Debug|x86.Build.0 = Debug|x86
		{D81E6E3C-9937-4BB4-9D24-6708374A23FE}.Release|Any CPU.ActiveCfg = Release|Any CPU
		{D81E6E3C-9937-4BB4-9D24-6708374A23FE}.Release|Any CPU.Build.0 = Release|Any CPU
		{D81E6E3C-9937-4BB4-9D24-6708374A23FE}.Release|x64.ActiveCfg = Release|x64
		{D81E6E3C-9937-4BB4-9D24-6708374A23FE}.Release|x64.Build.0 = Release|x64
		{D81E6E3C-9937-4BB4-9D24-6708374A23FE}.Release|x86.ActiveCfg = Release|x86
		{D81E6E3C-9937-4BB4-9D24-6708374A23FE}.Release|x86.Build.0 = Release|x86
		{D942CD16-FE5A-4621-A9E8-C2C189AB2B37}.Debug|Any CPU.ActiveCfg = Debug|Any CPU
		{D942CD16-FE5A-4621-A9E8-C2C189AB2B37}.Debug|Any CPU.Build.0 = Debug|Any CPU
		{D942CD16-FE5A-4621-A9E8-C2C189AB2B37}.Debug|x64.ActiveCfg = Debug|x64
		{D942CD16-FE5A-4621-A9E8-C2C189AB2B37}.Debug|x64.Build.0 = Debug|x64
		{D942CD16-FE5A-4621-A9E8-C2C189AB2B37}.Debug|x86.ActiveCfg = Debug|x86
		{D942CD16-FE5A-4621-A9E8-C2C189AB2B37}.Debug|x86.Build.0 = Debug|x86
		{D942CD16-FE5A-4621-A9E8-C2C189AB2B37}.Release|Any CPU.ActiveCfg = Release|Any CPU
		{D942CD16-FE5A-4621-A9E8-C2C189AB2B37}.Release|Any CPU.Build.0 = Release|Any CPU
		{D942CD16-FE5A-4621-A9E8-C2C189AB2B37}.Release|x64.ActiveCfg = Release|x64
		{D942CD16-FE5A-4621-A9E8-C2C189AB2B37}.Release|x64.Build.0 = Release|x64
		{D942CD16-FE5A-4621-A9E8-C2C189AB2B37}.Release|x86.ActiveCfg = Release|x86
		{D942CD16-FE5A-4621-A9E8-C2C189AB2B37}.Release|x86.Build.0 = Release|x86
		{FB1DA511-6841-4E0A-9742-895F3FCC49EF}.Debug|Any CPU.ActiveCfg = Debug|Any CPU
		{FB1DA511-6841-4E0A-9742-895F3FCC49EF}.Debug|Any CPU.Build.0 = Debug|Any CPU
		{FB1DA511-6841-4E0A-9742-895F3FCC49EF}.Debug|x64.ActiveCfg = Debug|x64
		{FB1DA511-6841-4E0A-9742-895F3FCC49EF}.Debug|x64.Build.0 = Debug|x64
		{FB1DA511-6841-4E0A-9742-895F3FCC49EF}.Debug|x86.ActiveCfg = Debug|x86
		{FB1DA511-6841-4E0A-9742-895F3FCC49EF}.Debug|x86.Build.0 = Debug|x86
		{FB1DA511-6841-4E0A-9742-895F3FCC49EF}.Release|Any CPU.ActiveCfg = Release|Any CPU
		{FB1DA511-6841-4E0A-9742-895F3FCC49EF}.Release|Any CPU.Build.0 = Release|Any CPU
		{FB1DA511-6841-4E0A-9742-895F3FCC49EF}.Release|x64.ActiveCfg = Release|x64
		{FB1DA511-6841-4E0A-9742-895F3FCC49EF}.Release|x64.Build.0 = Release|x64
		{FB1DA511-6841-4E0A-9742-895F3FCC49EF}.Release|x86.ActiveCfg = Release|x86
		{FB1DA511-6841-4E0A-9742-895F3FCC49EF}.Release|x86.Build.0 = Release|x86
	EndGlobalSection
	GlobalSection(SolutionProperties) = preSolution
		HideSolutionNode = FALSE
	EndGlobalSection
	GlobalSection(NestedProjects) = preSolution
		{BBD06DEA-F532-4ED0-95A9-FAC5ABD0300C} = {BC6D8020-5DC1-4107-AF41-D948A0387775}
		{D110CB32-58BA-4891-9FD1-537EE58FEB2E} = {F74793D6-40C4-4B7F-859F-7A85C63DFFD4}
		{91F7563A-300E-4E96-8F36-5AD49DCB82E0} = {013F6939-2654-4B83-AD90-5885604F87F4}
		{BC6D8020-5DC1-4107-AF41-D948A0387775} = {EC56C838-57C0-422F-AAC8-D8FFD104D271}
		{E3D01CD8-D999-4AFD-B308-63481C018466} = {EC56C838-57C0-422F-AAC8-D8FFD104D271}
		{F74793D6-40C4-4B7F-859F-7A85C63DFFD4} = {EC56C838-57C0-422F-AAC8-D8FFD104D271}
		{37FDADA0-4FFA-49EE-90E8-F6881397C1FB} = {EC56C838-57C0-422F-AAC8-D8FFD104D271}
		{D81E6E3C-9937-4BB4-9D24-6708374A23FE} = {F74793D6-40C4-4B7F-859F-7A85C63DFFD4}
		{D942CD16-FE5A-4621-A9E8-C2C189AB2B37} = {E3D01CD8-D999-4AFD-B308-63481C018466}
		{FB1DA511-6841-4E0A-9742-895F3FCC49EF} = {37FDADA0-4FFA-49EE-90E8-F6881397C1FB}
	EndGlobalSection
EndGlobal
